
Microsoft Visual Studio Solution File, Format Version 12.00
# Visual Studio 14
VisualStudioVersion = 14.0.25420.1
MinimumVisualStudioVersion = 10.0.40219.1
Project("{FAE04EC0-301F-11D3-BF4B-00C04F79EFBC}") = "WebApplication1", "WebApplication1\WebApplication1.csproj", "{CADD7446-63BA-44DE-9E63-537E1B71410D}"
EndProject
Project("{2150E333-8FDC-42A3-9474-1A3956D46DE8}") = "Controller", "Controller", "{02F4A5AF-4CB1-4453-A3A3-D98C40E242AB}"
EndProject
Project("{2150E333-8FDC-42A3-9474-1A3956D46DE8}") = "Service", "Service", "{3DAE0C2F-A536-4EBC-9AE4-E1FC9AFE711A}"
EndProject
Project("{2150E333-8FDC-42A3-9474-1A3956D46DE8}") = "Repository", "Repository", "{4352B6E9-3015-47F9-BDC3-DB54B886C0D3}"
EndProject
Project("{FAE04EC0-301F-11D3-BF4B-00C04F79EFBC}") = "Controller.Interface", "Controller\Controller.Interface\Controller.Interface.csproj", "{02B5C771-3BAA-4F9A-B05C-5629F3BDDC04}"
EndProject
Project("{FAE04EC0-301F-11D3-BF4B-00C04F79EFBC}") = "Controller.Implementation", "Controller\Controller.Implementation\Controller.Implementation.csproj", "{5B70B3E9-0700-4CA2-9B96-DEB4A1214D30}"
EndProject
Project("{FAE04EC0-301F-11D3-BF4B-00C04F79EFBC}") = "Repository.Interface", "Repository\Repository.Interface\Repository.Interface.csproj", "{EE8D0DBC-E27E-4E07-82A0-6247B430DF5E}"
EndProject
Project("{FAE04EC0-301F-11D3-BF4B-00C04F79EFBC}") = "Service.Interface", "Service\Service.Interface\Service.Interface.csproj", "{2336297E-4FE9-4FE1-986B-0BEF1D267002}"
EndProject
Project("{FAE04EC0-301F-11D3-BF4B-00C04F79EFBC}") = "Service.Implementation", "Service\Service.Implementation\Service.Implementation.csproj", "{8AC194F0-B7DF-43B8-871C-D4CCB03202AD}"
EndProject
Project("{FAE04EC0-301F-11D3-BF4B-00C04F79EFBC}") = "Repository.Implementation", "Repository\Repository.Implementation\Repository.Implementation.csproj", "{95F750EB-0F07-4E41-9256-A6B141BDB0C7}"
EndProject
Project("{2150E333-8FDC-42A3-9474-1A3956D46DE8}") = "Extensibility", "Extensibility", "{DE2CF4BC-2FAE-4A1C-A24A-20EAFF32BFB7}"
EndProject
Project("{FAE04EC0-301F-11D3-BF4B-00C04F79EFBC}") = "DependencyRegisterResolver", "Extensibility\DependencyRegisterResolver\DependencyRegisterResolver.csproj", "{C097A429-5076-4563-AA40-03F8900A3DDE}"
EndProject
Project("{2150E333-8FDC-42A3-9474-1A3956D46DE8}") = "Dto", "Dto", "{2A8F21D9-69C3-4397-B38C-5CBF0A835741}"
EndProject
Project("{FAE04EC0-301F-11D3-BF4B-00C04F79EFBC}") = "ORM.Data", "Repository\ORM.Data\ORM.Data.csproj", "{9CA9FCC3-F413-4C69-AD91-2613CC9AA6CF}"
EndProject
Project("{2150E333-8FDC-42A3-9474-1A3956D46DE8}") = "Domain", "Domain", "{A82A99B0-5410-46F4-BF1C-91E1B5BDBD7C}"
EndProject
Project("{FAE04EC0-301F-11D3-BF4B-00C04F79EFBC}") = "Domains", "Domain\Domains\Domains.csproj", "{1B037026-A6BC-4548-AD44-A3004FDE669D}"
EndProject
Project("{FAE04EC0-301F-11D3-BF4B-00C04F79EFBC}") = "Dto", "Dto\Dto\Dto.csproj", "{3EC168D5-9611-4374-819F-B69B5370741C}"
EndProject
Project("{FAE04EC0-301F-11D3-BF4B-00C04F79EFBC}") = "Custom.MessageHandler", "Extensibility\Custom.MessageHandler\Custom.MessageHandler.csproj", "{A0332B4A-014E-4AC6-99FB-0FBD387B6334}"
EndProject
Project("{FAE04EC0-301F-11D3-BF4B-00C04F79EFBC}") = "Custom.Filters", "Extensibility\Custom.Filters\Custom.Filters.csproj", "{1102D64D-D237-428B-8384-D2E0112D4752}"
EndProject
Project("{2150E333-8FDC-42A3-9474-1A3956D46DE8}") = "Test", "Test", "{0ADFB6C9-BFF2-40C2-9DBB-1EBA38FC481B}"
EndProject
Project("{FAE04EC0-301F-11D3-BF4B-00C04F79EFBC}") = "IntegrationTest", "Test\IntegrationTest\IntegrationTest.csproj", "{C9ED4292-DA17-472F-9E41-204F5CDFD96D}"
EndProject
Project("{FAE04EC0-301F-11D3-BF4B-00C04F79EFBC}") = "UnitTesting", "Test\UnitTesting\UnitTesting.csproj", "{E17A3010-6EE8-4DCF-8931-2264C0F705F2}"
EndProject
Project("{FAE04EC0-301F-11D3-BF4B-00C04F79EFBC}") = "Dto.Validator", "Dto\Dto.Validator\Dto.Validator.csproj", "{A8D48B62-A8F0-4181-B49F-2063F49BC8A7}"
EndProject
Project("{2150E333-8FDC-42A3-9474-1A3956D46DE8}") = "Common", "Common", "{C61FD1EE-4ECD-40B0-AAF0-65A0E9056BCE}"
EndProject
Project("{FAE04EC0-301F-11D3-BF4B-00C04F79EFBC}") = "Common.Func", "Common\Common.Func\Common.Func.csproj", "{0E4D77AD-0117-4ADB-9440-6B8119B03D55}"
EndProject
Global
	GlobalSection(SolutionConfigurationPlatforms) = preSolution
		Debug|Any CPU = Debug|Any CPU
		Release|Any CPU = Release|Any CPU
	EndGlobalSection
	GlobalSection(ProjectConfigurationPlatforms) = postSolution
		{CADD7446-63BA-44DE-9E63-537E1B71410D}.Debug|Any CPU.ActiveCfg = Debug|Any CPU
		{CADD7446-63BA-44DE-9E63-537E1B71410D}.Debug|Any CPU.Build.0 = Debug|Any CPU
		{CADD7446-63BA-44DE-9E63-537E1B71410D}.Release|Any CPU.ActiveCfg = Release|Any CPU
		{CADD7446-63BA-44DE-9E63-537E1B71410D}.Release|Any CPU.Build.0 = Release|Any CPU
		{02B5C771-3BAA-4F9A-B05C-5629F3BDDC04}.Debug|Any CPU.ActiveCfg = Debug|Any CPU
		{02B5C771-3BAA-4F9A-B05C-5629F3BDDC04}.Debug|Any CPU.Build.0 = Debug|Any CPU
		{02B5C771-3BAA-4F9A-B05C-5629F3BDDC04}.Release|Any CPU.ActiveCfg = Release|Any CPU
		{02B5C771-3BAA-4F9A-B05C-5629F3BDDC04}.Release|Any CPU.Build.0 = Release|Any CPU
		{5B70B3E9-0700-4CA2-9B96-DEB4A1214D30}.Debug|Any CPU.ActiveCfg = Debug|Any CPU
		{5B70B3E9-0700-4CA2-9B96-DEB4A1214D30}.Debug|Any CPU.Build.0 = Debug|Any CPU
		{5B70B3E9-0700-4CA2-9B96-DEB4A1214D30}.Release|Any CPU.ActiveCfg = Release|Any CPU
		{5B70B3E9-0700-4CA2-9B96-DEB4A1214D30}.Release|Any CPU.Build.0 = Release|Any CPU
		{EE8D0DBC-E27E-4E07-82A0-6247B430DF5E}.Debug|Any CPU.ActiveCfg = Debug|Any CPU
		{EE8D0DBC-E27E-4E07-82A0-6247B430DF5E}.Debug|Any CPU.Build.0 = Debug|Any CPU
		{EE8D0DBC-E27E-4E07-82A0-6247B430DF5E}.Release|Any CPU.ActiveCfg = Release|Any CPU
		{EE8D0DBC-E27E-4E07-82A0-6247B430DF5E}.Release|Any CPU.Build.0 = Release|Any CPU
		{2336297E-4FE9-4FE1-986B-0BEF1D267002}.Debug|Any CPU.ActiveCfg = Debug|Any CPU
		{2336297E-4FE9-4FE1-986B-0BEF1D267002}.Debug|Any CPU.Build.0 = Debug|Any CPU
		{2336297E-4FE9-4FE1-986B-0BEF1D267002}.Release|Any CPU.ActiveCfg = Release|Any CPU
		{2336297E-4FE9-4FE1-986B-0BEF1D267002}.Release|Any CPU.Build.0 = Release|Any CPU
		{8AC194F0-B7DF-43B8-871C-D4CCB03202AD}.Debug|Any CPU.ActiveCfg = Debug|Any CPU
		{8AC194F0-B7DF-43B8-871C-D4CCB03202AD}.Debug|Any CPU.Build.0 = Debug|Any CPU
		{8AC194F0-B7DF-43B8-871C-D4CCB03202AD}.Release|Any CPU.ActiveCfg = Release|Any CPU
		{8AC194F0-B7DF-43B8-871C-D4CCB03202AD}.Release|Any CPU.Build.0 = Release|Any CPU
		{95F750EB-0F07-4E41-9256-A6B141BDB0C7}.Debug|Any CPU.ActiveCfg = Debug|Any CPU
		{95F750EB-0F07-4E41-9256-A6B141BDB0C7}.Debug|Any CPU.Build.0 = Debug|Any CPU
		{95F750EB-0F07-4E41-9256-A6B141BDB0C7}.Release|Any CPU.ActiveCfg = Release|Any CPU
		{95F750EB-0F07-4E41-9256-A6B141BDB0C7}.Release|Any CPU.Build.0 = Release|Any CPU
		{C097A429-5076-4563-AA40-03F8900A3DDE}.Debug|Any CPU.ActiveCfg = Debug|Any CPU
		{C097A429-5076-4563-AA40-03F8900A3DDE}.Debug|Any CPU.Build.0 = Debug|Any CPU
		{C097A429-5076-4563-AA40-03F8900A3DDE}.Release|Any CPU.ActiveCfg = Release|Any CPU
		{C097A429-5076-4563-AA40-03F8900A3DDE}.Release|Any CPU.Build.0 = Release|Any CPU
		{9CA9FCC3-F413-4C69-AD91-2613CC9AA6CF}.Debug|Any CPU.ActiveCfg = Debug|Any CPU
		{9CA9FCC3-F413-4C69-AD91-2613CC9AA6CF}.Debug|Any CPU.Build.0 = Debug|Any CPU
		{9CA9FCC3-F413-4C69-AD91-2613CC9AA6CF}.Release|Any CPU.ActiveCfg = Release|Any CPU
		{9CA9FCC3-F413-4C69-AD91-2613CC9AA6CF}.Release|Any CPU.Build.0 = Release|Any CPU
		{1B037026-A6BC-4548-AD44-A3004FDE669D}.Debug|Any CPU.ActiveCfg = Debug|Any CPU
		{1B037026-A6BC-4548-AD44-A3004FDE669D}.Debug|Any CPU.Build.0 = Debug|Any CPU
		{1B037026-A6BC-4548-AD44-A3004FDE669D}.Release|Any CPU.ActiveCfg = Release|Any CPU
		{1B037026-A6BC-4548-AD44-A3004FDE669D}.Release|Any CPU.Build.0 = Release|Any CPU
		{3EC168D5-9611-4374-819F-B69B5370741C}.Debug|Any CPU.ActiveCfg = Debug|Any CPU
		{3EC168D5-9611-4374-819F-B69B5370741C}.Debug|Any CPU.Build.0 = Debug|Any CPU
		{3EC168D5-9611-4374-819F-B69B5370741C}.Release|Any CPU.ActiveCfg = Release|Any CPU
		{3EC168D5-9611-4374-819F-B69B5370741C}.Release|Any CPU.Build.0 = Release|Any CPU
		{A0332B4A-014E-4AC6-99FB-0FBD387B6334}.Debug|Any CPU.ActiveCfg = Debug|Any CPU
		{A0332B4A-014E-4AC6-99FB-0FBD387B6334}.Debug|Any CPU.Build.0 = Debug|Any CPU
		{A0332B4A-014E-4AC6-99FB-0FBD387B6334}.Release|Any CPU.ActiveCfg = Release|Any CPU
		{A0332B4A-014E-4AC6-99FB-0FBD387B6334}.Release|Any CPU.Build.0 = Release|Any CPU
		{1102D64D-D237-428B-8384-D2E0112D4752}.Debug|Any CPU.ActiveCfg = Debug|Any CPU
		{1102D64D-D237-428B-8384-D2E0112D4752}.Debug|Any CPU.Build.0 = Debug|Any CPU
		{1102D64D-D237-428B-8384-D2E0112D4752}.Release|Any CPU.ActiveCfg = Release|Any CPU
		{1102D64D-D237-428B-8384-D2E0112D4752}.Release|Any CPU.Build.0 = Release|Any CPU
		{C9ED4292-DA17-472F-9E41-204F5CDFD96D}.Debug|Any CPU.ActiveCfg = Debug|Any CPU
		{C9ED4292-DA17-472F-9E41-204F5CDFD96D}.Debug|Any CPU.Build.0 = Debug|Any CPU
		{C9ED4292-DA17-472F-9E41-204F5CDFD96D}.Release|Any CPU.ActiveCfg = Release|Any CPU
		{C9ED4292-DA17-472F-9E41-204F5CDFD96D}.Release|Any CPU.Build.0 = Release|Any CPU
		{E17A3010-6EE8-4DCF-8931-2264C0F705F2}.Debug|Any CPU.ActiveCfg = Debug|Any CPU
		{E17A3010-6EE8-4DCF-8931-2264C0F705F2}.Debug|Any CPU.Build.0 = Debug|Any CPU
		{E17A3010-6EE8-4DCF-8931-2264C0F705F2}.Release|Any CPU.ActiveCfg = Release|Any CPU
		{E17A3010-6EE8-4DCF-8931-2264C0F705F2}.Release|Any CPU.Build.0 = Release|Any CPU
		{A8D48B62-A8F0-4181-B49F-2063F49BC8A7}.Debug|Any CPU.ActiveCfg = Debug|Any CPU
		{A8D48B62-A8F0-4181-B49F-2063F49BC8A7}.Debug|Any CPU.Build.0 = Debug|Any CPU
		{A8D48B62-A8F0-4181-B49F-2063F49BC8A7}.Release|Any CPU.ActiveCfg = Release|Any CPU
		{A8D48B62-A8F0-4181-B49F-2063F49BC8A7}.Release|Any CPU.Build.0 = Release|Any CPU
		{0E4D77AD-0117-4ADB-9440-6B8119B03D55}.Debug|Any CPU.ActiveCfg = Debug|Any CPU
		{0E4D77AD-0117-4ADB-9440-6B8119B03D55}.Debug|Any CPU.Build.0 = Debug|Any CPU
		{0E4D77AD-0117-4ADB-9440-6B8119B03D55}.Release|Any CPU.ActiveCfg = Release|Any CPU
		{0E4D77AD-0117-4ADB-9440-6B8119B03D55}.Release|Any CPU.Build.0 = Release|Any CPU
	EndGlobalSection
	GlobalSection(SolutionProperties) = preSolution
		HideSolutionNode = FALSE
	EndGlobalSection
	GlobalSection(NestedProjects) = preSolution
		{02B5C771-3BAA-4F9A-B05C-5629F3BDDC04} = {02F4A5AF-4CB1-4453-A3A3-D98C40E242AB}
		{5B70B3E9-0700-4CA2-9B96-DEB4A1214D30} = {02F4A5AF-4CB1-4453-A3A3-D98C40E242AB}
		{EE8D0DBC-E27E-4E07-82A0-6247B430DF5E} = {4352B6E9-3015-47F9-BDC3-DB54B886C0D3}
		{2336297E-4FE9-4FE1-986B-0BEF1D267002} = {3DAE0C2F-A536-4EBC-9AE4-E1FC9AFE711A}
		{8AC194F0-B7DF-43B8-871C-D4CCB03202AD} = {3DAE0C2F-A536-4EBC-9AE4-E1FC9AFE711A}
		{95F750EB-0F07-4E41-9256-A6B141BDB0C7} = {4352B6E9-3015-47F9-BDC3-DB54B886C0D3}
		{C097A429-5076-4563-AA40-03F8900A3DDE} = {DE2CF4BC-2FAE-4A1C-A24A-20EAFF32BFB7}
		{9CA9FCC3-F413-4C69-AD91-2613CC9AA6CF} = {4352B6E9-3015-47F9-BDC3-DB54B886C0D3}
		{1B037026-A6BC-4548-AD44-A3004FDE669D} = {A82A99B0-5410-46F4-BF1C-91E1B5BDBD7C}
		{3EC168D5-9611-4374-819F-B69B5370741C} = {2A8F21D9-69C3-4397-B38C-5CBF0A835741}
		{A0332B4A-014E-4AC6-99FB-0FBD387B6334} = {DE2CF4BC-2FAE-4A1C-A24A-20EAFF32BFB7}
		{1102D64D-D237-428B-8384-D2E0112D4752} = {DE2CF4BC-2FAE-4A1C-A24A-20EAFF32BFB7}
		{C9ED4292-DA17-472F-9E41-204F5CDFD96D} = {0ADFB6C9-BFF2-40C2-9DBB-1EBA38FC481B}
		{E17A3010-6EE8-4DCF-8931-2264C0F705F2} = {0ADFB6C9-BFF2-40C2-9DBB-1EBA38FC481B}
		{A8D48B62-A8F0-4181-B49F-2063F49BC8A7} = {2A8F21D9-69C3-4397-B38C-5CBF0A835741}
		{0E4D77AD-0117-4ADB-9440-6B8119B03D55} = {C61FD1EE-4ECD-40B0-AAF0-65A0E9056BCE}
	EndGlobalSection
EndGlobal
